
Microsoft Visual Studio Solution File, Format Version 12.00
# Visual Studio 2013
VisualStudioVersion = 12.0.31010.0
MinimumVisualStudioVersion = 10.0.40219.1
Project("{FAE04EC0-301F-11D3-BF4B-00C04F79EFBC}") = "SqlGeometryDemo", "SqlGeometryDemo.csproj", "{7A1578CE-C6DB-4F1E-A8D0-32593C84AB3A}"
EndProject
Global
	GlobalSection(SolutionConfigurationPlatforms) = preSolution
		Debug|x86 = Debug|x86
		Release|x86 = Release|x86
	EndGlobalSection
	GlobalSection(ProjectConfigurationPlatforms) = postSolution
		{7A1578CE-C6DB-4F1E-A8D0-32593C84AB3A}.Debug|x86.ActiveCfg = Debug|x86
		{7A1578CE-C6DB-4F1E-A8D0-32593C84AB3A}.Debug|x86.Build.0 = Debug|x86
		{7A1578CE-C6DB-4F1E-A8D0-32593C84AB3A}.Release|x86.ActiveCfg = Release|x86
		{7A1578CE-C6DB-4F1E-A8D0-32593C84AB3A}.Release|x86.Build.0 = Release|x86
	EndGlobalSection
	GlobalSection(SolutionProperties) = preSolution
		HideSolutionNode = FALSE
	EndGlobalSection
EndGlobal
